
Microsoft Visual Studio Solution File, Format Version 12.00
Project("{FAE04EC0-301F-11D3-BF4B-00C04F79EFBC}") = "VisionCareCore", "VisionCareCore\VisionCareCore.csproj", "{5710E358-B626-47C2-B1A0-27AA97EC290D}"
EndProject
Global
	GlobalSection(SolutionConfigurationPlatforms) = preSolution
		Debug|Any CPU = Debug|Any CPU
		Release|Any CPU = Release|Any CPU
	EndGlobalSection
	GlobalSection(ProjectConfigurationPlatforms) = postSolution
		{5710E358-B626-47C2-B1A0-27AA97EC290D}.Debug|Any CPU.ActiveCfg = Debug|Any CPU
		{5710E358-B626-47C2-B1A0-27AA97EC290D}.Debug|Any CPU.Build.0 = Debug|Any CPU
		{5710E358-B626-47C2-B1A0-27AA97EC290D}.Release|Any CPU.ActiveCfg = Release|Any CPU
		{5710E358-B626-47C2-B1A0-27AA97EC290D}.Release|Any CPU.Build.0 = Release|Any CPU
	EndGlobalSection
EndGlobal
